
Microsoft Visual Studio Solution File, Format Version 12.00
# Visual Studio Version 17
VisualStudioVersion = 17.7.34031.279
MinimumVisualStudioVersion = 10.0.40219.1
Project("{9A19103F-16F7-4668-BE54-9A1E7A4F7556}") = "HalloDoc", "HalloDoc\HalloDoc.csproj", "{D3D29CBF-B5A0-491D-8069-69D3D685F63E}"
EndProject
Project("{FAE04EC0-301F-11D3-BF4B-00C04F79EFBC}") = "HalloDoc.DataAccessLayer", "HalloDoc.DataAccessLayer\HalloDoc.DataAccessLayer.csproj", "{706A70E9-E3D8-4B07-AB19-2717D05098DD}"
EndProject
Project("{FAE04EC0-301F-11D3-BF4B-00C04F79EFBC}") = "Repository", "Repositories\Repository.csproj", "{31EB4CCB-49DF-42DE-8F42-FC35CBAEC5D1}"
EndProject
Global
	GlobalSection(SolutionConfigurationPlatforms) = preSolution
		Debug|Any CPU = Debug|Any CPU
		Release|Any CPU = Release|Any CPU
	EndGlobalSection
	GlobalSection(ProjectConfigurationPlatforms) = postSolution
		{D3D29CBF-B5A0-491D-8069-69D3D685F63E}.Debug|Any CPU.ActiveCfg = Debug|Any CPU
		{D3D29CBF-B5A0-491D-8069-69D3D685F63E}.Debug|Any CPU.Build.0 = Debug|Any CPU
		{D3D29CBF-B5A0-491D-8069-69D3D685F63E}.Release|Any CPU.ActiveCfg = Release|Any CPU
		{D3D29CBF-B5A0-491D-8069-69D3D685F63E}.Release|Any CPU.Build.0 = Release|Any CPU
		{706A70E9-E3D8-4B07-AB19-2717D05098DD}.Debug|Any CPU.ActiveCfg = Debug|Any CPU
		{706A70E9-E3D8-4B07-AB19-2717D05098DD}.Debug|Any CPU.Build.0 = Debug|Any CPU
		{706A70E9-E3D8-4B07-AB19-2717D05098DD}.Release|Any CPU.ActiveCfg = Release|Any CPU
		{706A70E9-E3D8-4B07-AB19-2717D05098DD}.Release|Any CPU.Build.0 = Release|Any CPU
		{31EB4CCB-49DF-42DE-8F42-FC35CBAEC5D1}.Debug|Any CPU.ActiveCfg = Debug|Any CPU
		{31EB4CCB-49DF-42DE-8F42-FC35CBAEC5D1}.Debug|Any CPU.Build.0 = Debug|Any CPU
		{31EB4CCB-49DF-42DE-8F42-FC35CBAEC5D1}.Release|Any CPU.ActiveCfg = Release|Any CPU
		{31EB4CCB-49DF-42DE-8F42-FC35CBAEC5D1}.Release|Any CPU.Build.0 = Release|Any CPU
	EndGlobalSection
	GlobalSection(SolutionProperties) = preSolution
		HideSolutionNode = FALSE
	EndGlobalSection
	GlobalSection(ExtensibilityGlobals) = postSolution
		SolutionGuid = {61D885DD-D21E-4350-91F1-550AB7C312F7}
	EndGlobalSection
EndGlobal
